{
  "name": "E-CommerceSite",
  "lockfileVersion": 3,
  "requires": true,
  "packages": {
    "": {
      "dependencies": {
        "sweetalert2": "^11.12.3",
        "swiper": "^11.1.8"
      }
    },
    "node_modules/sweetalert2": {
      "version": "11.12.3",
      "resolved": "https://registry.npmjs.org/sweetalert2/-/sweetalert2-11.12.3.tgz",
      "integrity": "sha512-tgGJSgfSV/xK113JEvhjwqKAuBYLXsZf0z+tGlHKQNnsLMi4eSNuzn9tt5hUdvjOVTLSPDgo0Lc+tnjy9Uj7Og==",
      "funding": {
        "type": "individual",
        "url": "https://github.com/sponsors/limonte"
      }
    },
    "node_modules/swiper": {
      "version": "11.1.8",
      "resolved": "https://registry.npmjs.org/swiper/-/swiper-11.1.8.tgz",
      "integrity": "sha512-sBFp7fA+IfZ/7BMcg8/JSEqDD1qZXBUyliT76yk3zIYVu2fMwFVAghhAJ9vBM5tJUtHW5qcD0pmeEGQs1EK14w==",
      "funding": [
        {
          "type": "patreon",
          "url": "https://www.patreon.com/swiperjs"
        },
        {
          "type": "open_collective",
          "url": "http://opencollective.com/swiper"
        }
      ],
      "engines": {
        "node": ">= 4.7.0"
      }
    }
  }
}
